{
  "name": "Minecraft-Bedrock-Naruto",
  "lockfileVersion": 3,
  "requires": true,
  "packages": {
    "": {
      "dependencies": {
        "@react-facet/core": "^0.6.4",
        "@react-facet/dom-fiber": "^0.6.4"
      },
      "devDependencies": {
        "@minecraft/server": "^1.19.0",
        "@minecraft/server-ui": "^1.3.0",
        "typescript": "^5.8.3"
      }
    },
    "node_modules/@minecraft/common": {
      "version": "1.2.0",
      "resolved": "https://registry.npmjs.org/@minecraft/common/-/common-1.2.0.tgz",
      "integrity": "sha512-JdmEq4P3Z/FtoBzhLijFgMSVFnFRrUoLwY8DHHrgtFo0mfLTOLTB1RErYjLMsA6b7BGVNxkX/pfFRiH7QZ0XwQ==",
      "dev": true,
      "license": "MIT"
    },
    "node_modules/@minecraft/server": {
      "version": "1.19.0",
      "resolved": "https://registry.npmjs.org/@minecraft/server/-/server-1.19.0.tgz",
      "integrity": "sha512-Nq42tLYRcH8AIxpBq1F9/sXia75Vp7k7SXnV+t+yaFNKHwE7LZIfJ3TSbQ4THWTbf1VjwnbSUfJ0qVb3aTDCug==",
      "dev": true,
      "license": "MIT",
      "dependencies": {
        "@minecraft/common": "^1.1.0"
      },
      "peerDependencies": {
        "@minecraft/vanilla-data": ">=1.20.70"
      }
    },
    "node_modules/@minecraft/server-ui": {
      "version": "1.3.0",
      "resolved": "https://registry.npmjs.org/@minecraft/server-ui/-/server-ui-1.3.0.tgz",
      "integrity": "sha512-Vgo7s+gxjHaNmm8lYTW+HL1JguyZggsn1UB86++eqV1KoRlLnqJH1wBJU2OIb1kQ6HXH0pnL206pxmRy7lmmjg==",
      "dev": true,
      "license": "MIT",
      "dependencies": {
        "@minecraft/common": "^1.0.0",
        "@minecraft/server": "^1.3.0"
      }
    },
    "node_modules/@minecraft/vanilla-data": {
      "version": "1.21.81",
      "resolved": "https://registry.npmjs.org/@minecraft/vanilla-data/-/vanilla-data-1.21.81.tgz",
      "integrity": "sha512-YODTWnkEiFc9VjKOGOuLXZZQpkLQw9EIsxAoHtBT+K8huDv5nWLheX5hc1Z9OqY/+iFaIT7ueJNfBbXW/WOF1A==",
      "dev": true,
      "license": "MIT",
      "peer": true
    },
    "node_modules/@react-facet/core": {
      "version": "0.6.4",
      "resolved": "https://registry.npmjs.org/@react-facet/core/-/core-0.6.4.tgz",
      "integrity": "sha512-mJB/QqgtreuGOa/DUW0rtE4Lyms7Cxs/1jeoNBgJZDUmFsuGda1sBqVO53mEa142D6MwogEF9owm17nXd5k7YQ==",
      "license": "MIT",
      "peerDependencies": {
        "react": "^16.9.0"
      }
    },
    "node_modules/@react-facet/dom-fiber": {
      "version": "0.6.4",
      "resolved": "https://registry.npmjs.org/@react-facet/dom-fiber/-/dom-fiber-0.6.4.tgz",
      "integrity": "sha512-Hc8BbUuvU8nN/qHdXKsI5sv90cw7yq0D3WEB9hSB2i2UYUirKo9yzFW8SwWj4xR6Tpu1eG+Pb1f8NNkJbQZ+Yw==",
      "license": "MIT",
      "dependencies": {
        "react-reconciler": "^0.24.0"
      },
      "peerDependencies": {
        "@react-facet/core": "0.6.4",
        "react": "^16.9.0"
      }
    },
    "node_modules/js-tokens": {
      "version": "4.0.0",
      "resolved": "https://registry.npmjs.org/js-tokens/-/js-tokens-4.0.0.tgz",
      "integrity": "sha512-RdJUflcE3cUzKiMqQgsCu06FPu9UdIJO0beYbPhHN4k6apgJtifcoCtT9bcxOpYBtpD2kCM6Sbzg4CausW/PKQ==",
      "license": "MIT"
    },
    "node_modules/loose-envify": {
      "version": "1.4.0",
      "resolved": "https://registry.npmjs.org/loose-envify/-/loose-envify-1.4.0.tgz",
      "integrity": "sha512-lyuxPGr/Wfhrlem2CL/UcnUc1zcqKAImBDzukY7Y5F/yQiNdko6+fRLevlw1HgMySw7f611UIY408EtxRSoK3Q==",
      "license": "MIT",
      "dependencies": {
        "js-tokens": "^3.0.0 || ^4.0.0"
      },
      "bin": {
        "loose-envify": "cli.js"
      }
    },
    "node_modules/object-assign": {
      "version": "4.1.1",
      "resolved": "https://registry.npmjs.org/object-assign/-/object-assign-4.1.1.tgz",
      "integrity": "sha512-rJgTQnkUnH1sFw8yT6VSU3zD3sWmu6sZhIseY8VX+GRu3P6F7Fu+JNDoXfklElbLJSnc3FUQHVe4cU5hj+BcUg==",
      "license": "MIT",
      "engines": {
        "node": ">=0.10.0"
      }
    },
    "node_modules/prop-types": {
      "version": "15.8.1",
      "resolved": "https://registry.npmjs.org/prop-types/-/prop-types-15.8.1.tgz",
      "integrity": "sha512-oj87CgZICdulUohogVAR7AjlC0327U4el4L6eAvOqCeudMDVU0NThNaV+b9Df4dXgSP1gXMTnPdhfe/2qDH5cg==",
      "license": "MIT",
      "dependencies": {
        "loose-envify": "^1.4.0",
        "object-assign": "^4.1.1",
        "react-is": "^16.13.1"
      }
    },
    "node_modules/react": {
      "version": "16.14.0",
      "resolved": "https://registry.npmjs.org/react/-/react-16.14.0.tgz",
      "integrity": "sha512-0X2CImDkJGApiAlcf0ODKIneSwBPhqJawOa5wCtKbu7ZECrmS26NvtSILynQ66cgkT/RJ4LidJOc3bUESwmU8g==",
      "license": "MIT",
      "peer": true,
      "dependencies": {
        "loose-envify": "^1.1.0",
        "object-assign": "^4.1.1",
        "prop-types": "^15.6.2"
      },
      "engines": {
        "node": ">=0.10.0"
      }
    },
    "node_modules/react-is": {
      "version": "16.13.1",
      "resolved": "https://registry.npmjs.org/react-is/-/react-is-16.13.1.tgz",
      "integrity": "sha512-24e6ynE2H+OKt4kqsOvNd8kBpV65zoxbA4BVsEOB3ARVWQki/DHzaUoC5KuON/BiccDaCCTZBuOcfZs70kR8bQ==",
      "license": "MIT"
    },
    "node_modules/react-reconciler": {
      "version": "0.24.0",
      "resolved": "https://registry.npmjs.org/react-reconciler/-/react-reconciler-0.24.0.tgz",
      "integrity": "sha512-gAGnwWkf+NOTig9oOowqid9O0HjTDC+XVGBCAmJYYJ2A2cN/O4gDdIuuUQjv8A4v6GDwVfJkagpBBLW5OW9HSw==",
      "license": "MIT",
      "dependencies": {
        "loose-envify": "^1.1.0",
        "object-assign": "^4.1.1",
        "prop-types": "^15.6.2",
        "scheduler": "^0.18.0"
      },
      "engines": {
        "node": ">=0.10.0"
      },
      "peerDependencies": {
        "react": "^16.0.0"
      }
    },
    "node_modules/scheduler": {
      "version": "0.18.0",
      "resolved": "https://registry.npmjs.org/scheduler/-/scheduler-0.18.0.tgz",
      "integrity": "sha512-agTSHR1Nbfi6ulI0kYNK0203joW2Y5W4po4l+v03tOoiJKpTBbxpNhWDvqc/4IcOw+KLmSiQLTasZ4cab2/UWQ==",
      "license": "MIT",
      "dependencies": {
        "loose-envify": "^1.1.0",
        "object-assign": "^4.1.1"
      }
    },
    "node_modules/typescript": {
      "version": "5.8.3",
      "resolved": "https://registry.npmjs.org/typescript/-/typescript-5.8.3.tgz",
      "integrity": "sha512-p1diW6TqL9L07nNxvRMM7hMMw4c5XOo/1ibL4aAIGmSAt9slTE1Xgw5KWuof2uTOvCg9BY7ZRi+GaF+7sfgPeQ==",
      "dev": true,
      "license": "Apache-2.0",
      "bin": {
        "tsc": "bin/tsc",
        "tsserver": "bin/tsserver"
      },
      "engines": {
        "node": ">=14.17"
      }
    }
  }
}
